
Microsoft Visual Studio Solution File, Format Version 12.00
# Visual Studio Version 17
VisualStudioVersion = 17.14.36915.13 d17.14
MinimumVisualStudioVersion = 10.0.40219.1
Project("{FAE04EC0-301F-11D3-BF4B-00C04F79EFBC}") = "WindowsFormsApp2", "WindowsFormsApp2\WindowsFormsApp2.csproj", "{A98AA55C-F61F-4F12-BB43-2235EE501D22}"
EndProject
Global
	GlobalSection(SolutionConfigurationPlatforms) = preSolution
		Debug|Any CPU = Debug|Any CPU
		Release|Any CPU = Release|Any CPU
	EndGlobalSection
	GlobalSection(ProjectConfigurationPlatforms) = postSolution
		{A98AA55C-F61F-4F12-BB43-2235EE501D22}.Debug|Any CPU.ActiveCfg = Debug|Any CPU
		{A98AA55C-F61F-4F12-BB43-2235EE501D22}.Debug|Any CPU.Build.0 = Debug|Any CPU
		{A98AA55C-F61F-4F12-BB43-2235EE501D22}.Release|Any CPU.ActiveCfg = Release|Any CPU
		{A98AA55C-F61F-4F12-BB43-2235EE501D22}.Release|Any CPU.Build.0 = Release|Any CPU
	EndGlobalSection
	GlobalSection(SolutionProperties) = preSolution
		HideSolutionNode = FALSE
	EndGlobalSection
	GlobalSection(ExtensibilityGlobals) = postSolution
		SolutionGuid = {72D1BCF5-2E79-4688-A71B-FAF2E5FCF175}
	EndGlobalSection
EndGlobal
